<?xml version="1.0" encoding="utf-8"?>
<Project ToolsVersion="4.0" xmlns="http://schemas.microsoft.com/developer/msbuild/2003">
  <ItemGroup>
    <Filter Include="Source Files">
      <UniqueIdentifier>{f56fe184-535e-4ebe-832f-d25df9c78c03}</UniqueIdentifier>
      <Extensions>cpp;c;cxx;rc;def;r;odl;idl;hpj;bat</Extensions>
    </Filter>
    <Filter Include="Header Files">
      <UniqueIdentifier>{faf9b88a-1b22-4ee5-b97a-17ef7781113e}</UniqueIdentifier>
      <Extensions>h;hpp;hxx;hm;inl</Extensions>
    </Filter>
    <Filter Include="Source Files\Resource Files">
      <UniqueIdentifier>{610e8501-b5da-4f7b-b202-e3c0fc259788}</UniqueIdentifier>
      <Extensions>ico;cur;bmp;dlg;rc2;rct;bin;rgs;gif;jpg;jpeg;jpe</Extensions>
    </Filter>
  </ItemGroup>
  <ItemGroup>
    <None Include="arules.def">
      <Filter>Source Files</Filter>
    </None>
    <None Include="arulesrt.def">
      <Filter>Source Files</Filter>
    </None>
    <None Include="amzi.def">
      <Filter>Source Files</Filter>
    </None>
  </ItemGroup>
  <ItemGroup>
    <ClCompile Include="atomtable.cpp">
      <Filter>Source Files</Filter>
    </ClCompile>
    <ClCompile Include="builtin.cpp">
      <Filter>Source Files</Filter>
    </ClCompile>
    <ClCompile Include="cell.cpp">
      <Filter>Source Files</Filter>
    </ClCompile>
    <ClCompile Include="control.cpp">
      <Filter>Source Files</Filter>
    </ClCompile>
    <ClCompile Include="ddb.cpp">
      <Filter>Source Files</Filter>
    </ClCompile>
    <ClCompile Include="ddbmem.cpp">
      <Filter>Source Files</Filter>
    </ClCompile>
    <ClCompile Include="engine.cpp">
      <Filter>Source Files</Filter>
    </ClCompile>
    <ClCompile Include="engine2.cpp">
      <Filter>Source Files</Filter>
    </ClCompile>
    <ClCompile Include="except.cpp">
      <Filter>Source Files</Filter>
    </ClCompile>
    <ClCompile Include="fixed.cpp">
      <Filter>Source Files</Filter>
    </ClCompile>
    <ClCompile Include="gcthing.cpp">
      <Filter>Source Files</Filter>
    </ClCompile>
    <ClCompile Include="hxl.cpp">
      <Filter>Source Files</Filter>
    </ClCompile>
    <ClCompile Include="ini.cpp">
      <Filter>Source Files</Filter>
    </ClCompile>
    <ClCompile Include="lenv.cpp">
      <Filter>Source Files</Filter>
    </ClCompile>
    <ClCompile Include="lenv_wpf.cpp">
      <Filter>Source Files</Filter>
    </ClCompile>
    <ClCompile Include="lex.cpp">
      <Filter>Source Files</Filter>
    </ClCompile>
    <ClCompile Include="lexec.cpp">
      <Filter>Source Files</Filter>
    </ClCompile>
    <ClCompile Include="lexec2.cpp">
      <Filter>Source Files</Filter>
    </ClCompile>
    <ClCompile Include="lexecdbg.cpp">
      <Filter>Source Files</Filter>
    </ClCompile>
    <ClCompile Include="llink.cpp">
      <Filter>Source Files</Filter>
    </ClCompile>
    <ClCompile Include="lload.cpp">
      <Filter>Source Files</Filter>
    </ClCompile>
    <ClCompile Include="lmath.cpp">
      <Filter>Source Files</Filter>
    </ClCompile>
    <ClCompile Include="lreal.cpp">
      <Filter>Source Files</Filter>
    </ClCompile>
    <ClCompile Include="lsthread.cpp">
      <Filter>Source Files</Filter>
    </ClCompile>
    <ClCompile Include="lstring.cpp">
      <Filter>Source Files</Filter>
    </ClCompile>
    <ClCompile Include="main.cpp">
      <Filter>Source Files</Filter>
    </ClCompile>
    <ClCompile Include="modclassic.cpp">
      <Filter>Source Files</Filter>
    </ClCompile>
    <ClCompile Include="module.cpp">
      <Filter>Source Files</Filter>
    </ClCompile>
    <ClCompile Include="prep.cpp">
      <Filter>Source Files</Filter>
    </ClCompile>
    <ClCompile Include="probe.cpp">
      <Filter>Source Files</Filter>
    </ClCompile>
    <ClCompile Include="pstring.cpp">
      <Filter>Source Files</Filter>
    </ClCompile>
    <ClCompile Include="stash.cpp">
      <Filter>Source Files</Filter>
    </ClCompile>
    <ClCompile Include="streams.cpp">
      <Filter>Source Files</Filter>
    </ClCompile>
    <ClCompile Include="termsvc.cpp">
      <Filter>Source Files</Filter>
    </ClCompile>
    <ClCompile Include="tsread.cpp">
      <Filter>Source Files</Filter>
    </ClCompile>
    <ClCompile Include="tswrite.cpp">
      <Filter>Source Files</Filter>
    </ClCompile>
  </ItemGroup>
  <ItemGroup>
    <ClInclude Include="atomtable.h">
      <Filter>Header Files</Filter>
    </ClInclude>
    <ClInclude Include="builtins.h">
      <Filter>Header Files</Filter>
    </ClInclude>
    <ClInclude Include="cell.h">
      <Filter>Header Files</Filter>
    </ClInclude>
    <ClInclude Include="control.h">
      <Filter>Header Files</Filter>
    </ClInclude>
    <ClInclude Include="ddb.h">
      <Filter>Header Files</Filter>
    </ClInclude>
    <ClInclude Include="ddbmem.h">
      <Filter>Header Files</Filter>
    </ClInclude>
    <ClInclude Include="debug.h">
      <Filter>Header Files</Filter>
    </ClInclude>
    <ClInclude Include="defs.h">
      <Filter>Header Files</Filter>
    </ClInclude>
    <ClInclude Include="engine.h">
      <Filter>Header Files</Filter>
    </ClInclude>
    <ClInclude Include="env.h">
      <Filter>Header Files</Filter>
    </ClInclude>
    <ClInclude Include="era.h">
      <Filter>Header Files</Filter>
    </ClInclude>
    <ClInclude Include="except.h">
      <Filter>Header Files</Filter>
    </ClInclude>
    <ClInclude Include="fixed.h">
      <Filter>Header Files</Filter>
    </ClInclude>
    <ClInclude Include="gcthing.h">
      <Filter>Header Files</Filter>
    </ClInclude>
    <ClInclude Include="hxl.h">
      <Filter>Header Files</Filter>
    </ClInclude>
    <ClInclude Include="inc.h">
      <Filter>Header Files</Filter>
    </ClInclude>
    <ClInclude Include="ini.h">
      <Filter>Header Files</Filter>
    </ClInclude>
    <ClInclude Include="lenv.h">
      <Filter>Header Files</Filter>
    </ClInclude>
    <ClInclude Include="lex.h">
      <Filter>Header Files</Filter>
    </ClInclude>
    <ClInclude Include="lexec.h">
      <Filter>Header Files</Filter>
    </ClInclude>
    <ClInclude Include="llink.h">
      <Filter>Header Files</Filter>
    </ClInclude>
    <ClInclude Include="llist.h">
      <Filter>Header Files</Filter>
    </ClInclude>
    <ClInclude Include="lload.h">
      <Filter>Header Files</Filter>
    </ClInclude>
    <ClInclude Include="lmath.h">
      <Filter>Header Files</Filter>
    </ClInclude>
    <ClInclude Include="lreal.h">
      <Filter>Header Files</Filter>
    </ClInclude>
    <ClInclude Include="lsthread.h">
      <Filter>Header Files</Filter>
    </ClInclude>
    <ClInclude Include="lstring.h">
      <Filter>Header Files</Filter>
    </ClInclude>
    <ClInclude Include="main.h">
      <Filter>Header Files</Filter>
    </ClInclude>
    <ClInclude Include="module.h">
      <Filter>Header Files</Filter>
    </ClInclude>
    <ClInclude Include="pch.h">
      <Filter>Header Files</Filter>
    </ClInclude>
    <ClInclude Include="probe.h">
      <Filter>Header Files</Filter>
    </ClInclude>
    <ClInclude Include="pstring.h">
      <Filter>Header Files</Filter>
    </ClInclude>
    <ClInclude Include="stash.h">
      <Filter>Header Files</Filter>
    </ClInclude>
    <ClInclude Include="streams.h">
      <Filter>Header Files</Filter>
    </ClInclude>
    <ClInclude Include="termsvc.h">
      <Filter>Header Files</Filter>
    </ClInclude>
    <ClInclude Include="tsread.h">
      <Filter>Header Files</Filter>
    </ClInclude>
    <ClInclude Include="tswrite.h">
      <Filter>Header Files</Filter>
    </ClInclude>
    <ClInclude Include="version.h">
      <Filter>Header Files</Filter>
    </ClInclude>
    <ClInclude Include="utf_checked.h">
      <Filter>Header Files</Filter>
    </ClInclude>
    <ClInclude Include="utf_core.h">
      <Filter>Header Files</Filter>
    </ClInclude>
    <ClInclude Include="utf_unchecked.h">
      <Filter>Header Files</Filter>
    </ClInclude>
  </ItemGroup>
</Project>