
Microsoft Visual Studio Solution File, Format Version 9.00
# Visual Studio 2005
Project("{E24C65DC-7377-472B-9ABA-BC803B73C61A}") = "http://localhost/vb_pets/", "http://localhost/vb_pets", "{4CDB7719-1878-4D27-B67E-F0FAD1326A71}"
	ProjectSection(WebsiteProperties) = preProject
		Debug.AspNetCompiler.VirtualPath = "/vb_pets"
		Debug.AspNetCompiler.PhysicalPath = "..\..\..\inetpub\wwwroot\vb_pets\"
		Debug.AspNetCompiler.TargetPath = "PrecompiledWeb\vb_pets\"
		Debug.AspNetCompiler.Updateable = "true"
		Debug.AspNetCompiler.ForceOverwrite = "true"
		Debug.AspNetCompiler.FixedNames = "false"
		Debug.AspNetCompiler.Debug = "True"
		Release.AspNetCompiler.VirtualPath = "/vb_pets"
		Release.AspNetCompiler.PhysicalPath = "..\..\..\inetpub\wwwroot\vb_pets\"
		Release.AspNetCompiler.TargetPath = "PrecompiledWeb\vb_pets\"
		Release.AspNetCompiler.Updateable = "true"
		Release.AspNetCompiler.ForceOverwrite = "true"
		Release.AspNetCompiler.FixedNames = "false"
		Release.AspNetCompiler.Debug = "False"
		SlnRelativePath = "..\..\..\inetpub\wwwroot\vb_pets\"
		DefaultWebSiteLanguage = "Visual Basic"
	EndProjectSection
EndProject
Global
	GlobalSection(SolutionConfigurationPlatforms) = preSolution
		Debug|.NET = Debug|.NET
	EndGlobalSection
	GlobalSection(ProjectConfigurationPlatforms) = postSolution
		{4CDB7719-1878-4D27-B67E-F0FAD1326A71}.Debug|.NET.ActiveCfg = Debug|.NET
		{4CDB7719-1878-4D27-B67E-F0FAD1326A71}.Debug|.NET.Build.0 = Debug|.NET
	EndGlobalSection
	GlobalSection(SolutionProperties) = preSolution
		HideSolutionNode = FALSE
	EndGlobalSection
EndGlobal
