Microsoft Visual Studio Solution File, Format Version 9.00
# Visual Studio 2005
Project("{F184B08F-C81C-45F6-A57F-5ABD9991F28F}") = "pets", "pets.vbproj", "{01A092C6-5E31-4C5C-8DE5-B6BA3505FD50}"
EndProject
Global
	GlobalSection(SolutionConfigurationPlatforms) = preSolution
		Debug|Any CPU = Debug|Any CPU
		Release|Any CPU = Release|Any CPU
	EndGlobalSection
	GlobalSection(ProjectConfigurationPlatforms) = postSolution
		{01A092C6-5E31-4C5C-8DE5-B6BA3505FD50}.Debug|Any CPU.ActiveCfg = Debug|Any CPU
		{01A092C6-5E31-4C5C-8DE5-B6BA3505FD50}.Debug|Any CPU.Build.0 = Debug|Any CPU
		{01A092C6-5E31-4C5C-8DE5-B6BA3505FD50}.Release|Any CPU.ActiveCfg = Release|Any CPU
		{01A092C6-5E31-4C5C-8DE5-B6BA3505FD50}.Release|Any CPU.Build.0 = Release|Any CPU
	EndGlobalSection
	GlobalSection(SolutionProperties) = preSolution
		HideSolutionNode = FALSE
	EndGlobalSection
EndGlobal
