<?xml version="1.0" encoding="utf-8"?>
<Project ToolsVersion="4.0" xmlns="http://schemas.microsoft.com/developer/msbuild/2003">
  <ItemGroup>
    <Filter Include="Source Files">
      <UniqueIdentifier>{b6427088-ccb2-49db-809a-f5b18c5856ac}</UniqueIdentifier>
      <Extensions>cpp;c;cxx;rc;def;r;odl;idl;hpj;bat</Extensions>
    </Filter>
    <Filter Include="Header Files">
      <UniqueIdentifier>{a146e36e-9267-43ad-b1dc-385c575aaf40}</UniqueIdentifier>
      <Extensions>h;hpp;hxx;hm;inl</Extensions>
    </Filter>
    <Filter Include="Resource Files">
      <UniqueIdentifier>{c3bc585d-927a-40e4-806c-35ed4884cfd1}</UniqueIdentifier>
      <Extensions>ico;cur;bmp;dlg;rc2;rct;bin;rgs;gif;jpg;jpeg;jpe</Extensions>
    </Filter>
  </ItemGroup>
  <ItemGroup>
    <ClCompile Include="amzijni.cpp">
      <Filter>Source Files</Filter>
    </ClCompile>
  </ItemGroup>
  <ItemGroup>
    <ClInclude Include="amzi_ls_LogicServer.h">
      <Filter>Header Files</Filter>
    </ClInclude>
    <ClInclude Include="amzi_ls_LSException.h">
      <Filter>Header Files</Filter>
    </ClInclude>
    <ClInclude Include="amzijni.h">
      <Filter>Header Files</Filter>
    </ClInclude>
  </ItemGroup>
</Project>